
Microsoft Visual Studio Solution File, Format Version 12.00
# Visual Studio Version 17
VisualStudioVersion = 17.14.36127.28 d17.14
MinimumVisualStudioVersion = 10.0.40219.1
Project("{FAE04EC0-301F-11D3-BF4B-00C04F79EFBC}") = "F1_Tyre", "F1_Tyre\F1_Tyre.csproj", "{4CED5519-EDEC-4182-B6C0-35AC7BB2570D}"
EndProject
Global
	GlobalSection(SolutionConfigurationPlatforms) = preSolution
		Debug|Any CPU = Debug|Any CPU
		Release|Any CPU = Release|Any CPU
	EndGlobalSection
	GlobalSection(ProjectConfigurationPlatforms) = postSolution
		{4CED5519-EDEC-4182-B6C0-35AC7BB2570D}.Debug|Any CPU.ActiveCfg = Debug|Any CPU
		{4CED5519-EDEC-4182-B6C0-35AC7BB2570D}.Debug|Any CPU.Build.0 = Debug|Any CPU
		{4CED5519-EDEC-4182-B6C0-35AC7BB2570D}.Release|Any CPU.ActiveCfg = Release|Any CPU
		{4CED5519-EDEC-4182-B6C0-35AC7BB2570D}.Release|Any CPU.Build.0 = Release|Any CPU
	EndGlobalSection
	GlobalSection(SolutionProperties) = preSolution
		HideSolutionNode = FALSE
	EndGlobalSection
	GlobalSection(ExtensibilityGlobals) = postSolution
		SolutionGuid = {312CE181-3174-4B85-BB2E-DF70818AD265}
	EndGlobalSection
EndGlobal
